{
  "meteor": {
    "git": "https://github.com/meteor/meteor.git",
    "branch": "release-0.5.9",
    "commit": "322699e420a47588f743bfa59f5a4bc66f0b0015"
  },
  "dependencies": {
    "basePackages": {
      "transitioner": {
        "path": "."
      }
    },
    "packages": {
      "transitioner": {
        "path": "."
      },
      "router": {
        "git": "https://github.com/tmeasday/meteor-router.git",
        "tag": "v0.4.3",
        "commit": "0691a6e2c4c249ce7d00cd6dc7ad27e1c7330a31"
      },
      "page-js": {
        "git": "https://github.com/tmeasday/meteor-page-js.git",
        "tag": "v1.3.1",
        "commit": "ee0b651869928abe50b5d06d7f32ccd2e657883a"
      }
    }
  }
}
